{
  "projects": [
    {
      "projectId": "wNxtZcFa8F4mXc5wMcFAw1",
      "version": "latest",
      "dependencies": {},
      "lang": "ts",
      "fileLocks": [
        {
          "type": "globalVariant",
          "assetId": "wgae7VV65k-u",
          "checksum": "65bf8f8f7ffc3ab2a09fad8bdba4934e"
        },
        {
          "type": "renderModule",
          "assetId": "MpybEgo5UgkM",
          "checksum": "370adf6f241c919b64fef5f9cbbe09b1"
        },
        {
          "type": "cssRules",
          "assetId": "MpybEgo5UgkM",
          "checksum": "370adf6f241c919b64fef5f9cbbe09b1"
        },
        {
          "type": "renderModule",
          "assetId": "TTI1JEnzco",
          "checksum": "ca90808f133123ebd0fe58e71ed66530"
        },
        {
          "type": "cssRules",
          "assetId": "TTI1JEnzco",
          "checksum": "ca90808f133123ebd0fe58e71ed66530"
        },
        {
          "type": "renderModule",
          "assetId": "C4Svn72q0K",
          "checksum": "9d90100934678b98df05baa9bce6da78"
        },
        {
          "type": "cssRules",
          "assetId": "C4Svn72q0K",
          "checksum": "9d90100934678b98df05baa9bce6da78"
        },
        {
          "type": "renderModule",
          "assetId": "k35rev7lCb",
          "checksum": "5b318a875db1d9229c59672d6a46fc26"
        },
        {
          "type": "cssRules",
          "assetId": "k35rev7lCb",
          "checksum": "5b318a875db1d9229c59672d6a46fc26"
        },
        {
          "type": "renderModule",
          "assetId": "yXGuMQsgCK",
          "checksum": "604d02936620d7f2c6c5f1081b45ee3e"
        },
        {
          "type": "cssRules",
          "assetId": "yXGuMQsgCK",
          "checksum": "604d02936620d7f2c6c5f1081b45ee3e"
        },
        {
          "type": "renderModule",
          "assetId": "ZZYuD1kwGj",
          "checksum": "67661566a68a203d20b1cd2403a3c4eb"
        },
        {
          "type": "cssRules",
          "assetId": "ZZYuD1kwGj",
          "checksum": "67661566a68a203d20b1cd2403a3c4eb"
        },
        {
          "type": "renderModule",
          "assetId": "-s6EJFyC7E",
          "checksum": "364eff898fcb1a28cfd3b037d6a99037"
        },
        {
          "type": "cssRules",
          "assetId": "-s6EJFyC7E",
          "checksum": "364eff898fcb1a28cfd3b037d6a99037"
        },
        {
          "type": "renderModule",
          "assetId": "8CN2TXi9_d",
          "checksum": "5bc1dd966ad97898773bc0c24e055f16"
        },
        {
          "type": "cssRules",
          "assetId": "8CN2TXi9_d",
          "checksum": "5bc1dd966ad97898773bc0c24e055f16"
        },
        {
          "type": "renderModule",
          "assetId": "wiKeBsYJZc",
          "checksum": "5e9f5c51776224b854deb1dd0643d963"
        },
        {
          "type": "cssRules",
          "assetId": "wiKeBsYJZc",
          "checksum": "5e9f5c51776224b854deb1dd0643d963"
        },
        {
          "type": "renderModule",
          "assetId": "S99cyKldKN",
          "checksum": "37dcf11c4ba75158b3c329ab1a7ee794"
        },
        {
          "type": "cssRules",
          "assetId": "S99cyKldKN",
          "checksum": "37dcf11c4ba75158b3c329ab1a7ee794"
        },
        {
          "type": "renderModule",
          "assetId": "294nf39QYm",
          "checksum": "f06e8e90e3cb64aaed945022b3b4323f"
        },
        {
          "type": "cssRules",
          "assetId": "294nf39QYm",
          "checksum": "f06e8e90e3cb64aaed945022b3b4323f"
        },
        {
          "type": "renderModule",
          "assetId": "MIo-gqCJB6",
          "checksum": "5bc4e3eb1afc8cc39e8a5b1471ee59c0"
        },
        {
          "type": "cssRules",
          "assetId": "MIo-gqCJB6",
          "checksum": "5bc4e3eb1afc8cc39e8a5b1471ee59c0"
        },
        {
          "type": "renderModule",
          "assetId": "UZJ7ivhMO2J",
          "checksum": "d8dc502b597d5839780d887d9194401f"
        },
        {
          "type": "cssRules",
          "assetId": "UZJ7ivhMO2J",
          "checksum": "d8dc502b597d5839780d887d9194401f"
        },
        {
          "type": "renderModule",
          "assetId": "jFhxioJa-O",
          "checksum": "201a5652c4f5d14b51ee845a168c2fdd"
        },
        {
          "type": "cssRules",
          "assetId": "jFhxioJa-O",
          "checksum": "201a5652c4f5d14b51ee845a168c2fdd"
        },
        {
          "type": "renderModule",
          "assetId": "KRwSeJjW7Eq",
          "checksum": "10f04902b1805e301a47a524e7eba0df"
        },
        {
          "type": "cssRules",
          "assetId": "KRwSeJjW7Eq",
          "checksum": "10f04902b1805e301a47a524e7eba0df"
        },
        {
          "type": "renderModule",
          "assetId": "WNRpjvCUBo",
          "checksum": "92f199ff25573cfc5705a4b4bd2a35c9"
        },
        {
          "type": "cssRules",
          "assetId": "WNRpjvCUBo",
          "checksum": "92f199ff25573cfc5705a4b4bd2a35c9"
        },
        {
          "type": "renderModule",
          "assetId": "adxIUkabTF",
          "checksum": "0064406bd1c09a2317d8828bd9c1c994"
        },
        {
          "type": "cssRules",
          "assetId": "adxIUkabTF",
          "checksum": "0064406bd1c09a2317d8828bd9c1c994"
        },
        {
          "type": "renderModule",
          "assetId": "AEh8gMdRh2",
          "checksum": "16cec91080907f0e3df12fd522ad75ba"
        },
        {
          "type": "cssRules",
          "assetId": "AEh8gMdRh2",
          "checksum": "16cec91080907f0e3df12fd522ad75ba"
        },
        {
          "type": "renderModule",
          "assetId": "uzzvCxxOdE",
          "checksum": "1013b9c871904f81fc720d9cb51672ac"
        },
        {
          "type": "cssRules",
          "assetId": "uzzvCxxOdE",
          "checksum": "1013b9c871904f81fc720d9cb51672ac"
        },
        {
          "type": "renderModule",
          "assetId": "fCWWx9yiYh",
          "checksum": "81524ed4db65b6ec03fc360266738653"
        },
        {
          "type": "cssRules",
          "assetId": "fCWWx9yiYh",
          "checksum": "81524ed4db65b6ec03fc360266738653"
        },
        {
          "type": "renderModule",
          "assetId": "fmg2kCtHOo",
          "checksum": "13b3fe71820c3944e3cd87ece99a5844"
        },
        {
          "type": "cssRules",
          "assetId": "fmg2kCtHOo",
          "checksum": "13b3fe71820c3944e3cd87ece99a5844"
        },
        {
          "type": "renderModule",
          "assetId": "aW1AvuAqPk",
          "checksum": "cd31af019c65516b525b2eca941d7d13"
        },
        {
          "type": "cssRules",
          "assetId": "aW1AvuAqPk",
          "checksum": "cd31af019c65516b525b2eca941d7d13"
        },
        {
          "assetId": "wNxtZcFa8F4mXc5wMcFAw1",
          "type": "projectCss",
          "checksum": "e0e27155d4b923eb74edb9e9153b20d1"
        },
        {
          "type": "icon",
          "assetId": "tCcSNI0-Q",
          "checksum": "c52f4870ce548fb036c4977d9ffa00b6"
        },
        {
          "type": "icon",
          "assetId": "M3YhKXIh-",
          "checksum": "afc8c78c72e5579aa23fb0d95db4dd73"
        },
        {
          "type": "icon",
          "assetId": "HqeMbdstf",
          "checksum": "6180bddbd0accf08206efafea3e0ebe3"
        },
        {
          "type": "icon",
          "assetId": "YhFAUigc_",
          "checksum": "158ab79c90681dcbf652657989026d0a"
        },
        {
          "type": "icon",
          "assetId": "-3S9AjX37",
          "checksum": "ecfc05914ab09cc9991259ac241c8f11"
        },
        {
          "type": "icon",
          "assetId": "EFWR2w_hX",
          "checksum": "a577a8f834942209d70344fb7e791601"
        },
        {
          "type": "icon",
          "assetId": "lBkofumzr",
          "checksum": "aec8f42a86fa2fb0bde843d0a04adb77"
        },
        {
          "type": "icon",
          "assetId": "Au8umHxTs",
          "checksum": "e761de5b6afb3d9ec238520c42de4842"
        }
      ]
    }
  ],
  "cliVersion": "0.1.152"
}
