{
  "projects": [
    {
      "projectId": "wNxtZcFa8F4mXc5wMcFAw1",
      "version": "latest",
      "dependencies": {},
      "lang": "ts",
      "fileLocks": [
        {
          "type": "globalVariant",
          "assetId": "wgae7VV65k-u",
          "checksum": "65bf8f8f7ffc3ab2a09fad8bdba4934e"
        },
        {
          "type": "renderModule",
          "assetId": "MpybEgo5UgkM",
          "checksum": "af399a361e41b4172d9e8eec3f441703"
        },
        {
          "type": "cssRules",
          "assetId": "MpybEgo5UgkM",
          "checksum": "af399a361e41b4172d9e8eec3f441703"
        },
        {
          "type": "renderModule",
          "assetId": "TTI1JEnzco",
          "checksum": "ca90808f133123ebd0fe58e71ed66530"
        },
        {
          "type": "cssRules",
          "assetId": "TTI1JEnzco",
          "checksum": "ca90808f133123ebd0fe58e71ed66530"
        },
        {
          "type": "renderModule",
          "assetId": "C4Svn72q0K",
          "checksum": "044ab52d8767b0bd0a40a15747fd7926"
        },
        {
          "type": "cssRules",
          "assetId": "C4Svn72q0K",
          "checksum": "044ab52d8767b0bd0a40a15747fd7926"
        },
        {
          "type": "renderModule",
          "assetId": "k35rev7lCb",
          "checksum": "5b318a875db1d9229c59672d6a46fc26"
        },
        {
          "type": "cssRules",
          "assetId": "k35rev7lCb",
          "checksum": "5b318a875db1d9229c59672d6a46fc26"
        },
        {
          "type": "renderModule",
          "assetId": "yXGuMQsgCK",
          "checksum": "604d02936620d7f2c6c5f1081b45ee3e"
        },
        {
          "type": "cssRules",
          "assetId": "yXGuMQsgCK",
          "checksum": "604d02936620d7f2c6c5f1081b45ee3e"
        },
        {
          "type": "renderModule",
          "assetId": "ZZYuD1kwGj",
          "checksum": "67661566a68a203d20b1cd2403a3c4eb"
        },
        {
          "type": "cssRules",
          "assetId": "ZZYuD1kwGj",
          "checksum": "67661566a68a203d20b1cd2403a3c4eb"
        },
        {
          "type": "renderModule",
          "assetId": "-s6EJFyC7E",
          "checksum": "364eff898fcb1a28cfd3b037d6a99037"
        },
        {
          "type": "cssRules",
          "assetId": "-s6EJFyC7E",
          "checksum": "364eff898fcb1a28cfd3b037d6a99037"
        },
        {
          "type": "renderModule",
          "assetId": "8CN2TXi9_d",
          "checksum": "5bc1dd966ad97898773bc0c24e055f16"
        },
        {
          "type": "cssRules",
          "assetId": "8CN2TXi9_d",
          "checksum": "5bc1dd966ad97898773bc0c24e055f16"
        },
        {
          "type": "renderModule",
          "assetId": "wiKeBsYJZc",
          "checksum": "5e9f5c51776224b854deb1dd0643d963"
        },
        {
          "type": "cssRules",
          "assetId": "wiKeBsYJZc",
          "checksum": "5e9f5c51776224b854deb1dd0643d963"
        },
        {
          "type": "renderModule",
          "assetId": "S99cyKldKN",
          "checksum": "37dcf11c4ba75158b3c329ab1a7ee794"
        },
        {
          "type": "cssRules",
          "assetId": "S99cyKldKN",
          "checksum": "37dcf11c4ba75158b3c329ab1a7ee794"
        },
        {
          "type": "renderModule",
          "assetId": "294nf39QYm",
          "checksum": "f06e8e90e3cb64aaed945022b3b4323f"
        },
        {
          "type": "cssRules",
          "assetId": "294nf39QYm",
          "checksum": "f06e8e90e3cb64aaed945022b3b4323f"
        },
        {
          "type": "renderModule",
          "assetId": "MIo-gqCJB6",
          "checksum": "5bc4e3eb1afc8cc39e8a5b1471ee59c0"
        },
        {
          "type": "cssRules",
          "assetId": "MIo-gqCJB6",
          "checksum": "5bc4e3eb1afc8cc39e8a5b1471ee59c0"
        },
        {
          "type": "renderModule",
          "assetId": "UZJ7ivhMO2J",
          "checksum": "4b6dbfa23810ac7d0bf25a4e74188310"
        },
        {
          "type": "cssRules",
          "assetId": "UZJ7ivhMO2J",
          "checksum": "4b6dbfa23810ac7d0bf25a4e74188310"
        },
        {
          "type": "renderModule",
          "assetId": "jFhxioJa-O",
          "checksum": "201a5652c4f5d14b51ee845a168c2fdd"
        },
        {
          "type": "cssRules",
          "assetId": "jFhxioJa-O",
          "checksum": "201a5652c4f5d14b51ee845a168c2fdd"
        },
        {
          "type": "renderModule",
          "assetId": "fmg2kCtHOo",
          "checksum": "c9afe5f16d88f1bb97f2b674253beed2"
        },
        {
          "type": "cssRules",
          "assetId": "fmg2kCtHOo",
          "checksum": "c9afe5f16d88f1bb97f2b674253beed2"
        },
        {
          "assetId": "wNxtZcFa8F4mXc5wMcFAw1",
          "type": "projectCss",
          "checksum": "e0e27155d4b923eb74edb9e9153b20d1"
        },
        {
          "type": "icon",
          "assetId": "tCcSNI0-Q",
          "checksum": "c52f4870ce548fb036c4977d9ffa00b6"
        },
        {
          "type": "icon",
          "assetId": "M3YhKXIh-",
          "checksum": "afc8c78c72e5579aa23fb0d95db4dd73"
        },
        {
          "type": "icon",
          "assetId": "HqeMbdstf",
          "checksum": "6180bddbd0accf08206efafea3e0ebe3"
        },
        {
          "type": "icon",
          "assetId": "YhFAUigc_",
          "checksum": "158ab79c90681dcbf652657989026d0a"
        },
        {
          "type": "icon",
          "assetId": "-3S9AjX37",
          "checksum": "ecfc05914ab09cc9991259ac241c8f11"
        },
        {
          "type": "icon",
          "assetId": "EFWR2w_hX",
          "checksum": "a577a8f834942209d70344fb7e791601"
        },
        {
          "type": "icon",
          "assetId": "lBkofumzr",
          "checksum": "aec8f42a86fa2fb0bde843d0a04adb77"
        },
        {
          "type": "icon",
          "assetId": "Au8umHxTs",
          "checksum": "e761de5b6afb3d9ec238520c42de4842"
        }
      ]
    }
  ],
  "cliVersion": "0.1.152"
}
